
Microsoft Visual Studio Solution File, Format Version 12.00
# Visual Studio 2013
VisualStudioVersion = 12.0.31101.0
MinimumVisualStudioVersion = 10.0.40219.1
Project("{FAE04EC0-301F-11D3-BF4B-00C04F79EFBC}") = "Garage2", "Garage2\Garage2.csproj", "{4BC44F0A-01B1-4AE7-8771-83463204AD2A}"
EndProject
Global
	GlobalSection(SolutionConfigurationPlatforms) = preSolution
		Debug|Any CPU = Debug|Any CPU
		Release|Any CPU = Release|Any CPU
	EndGlobalSection
	GlobalSection(ProjectConfigurationPlatforms) = postSolution
		{4BC44F0A-01B1-4AE7-8771-83463204AD2A}.Debug|Any CPU.ActiveCfg = Debug|Any CPU
		{4BC44F0A-01B1-4AE7-8771-83463204AD2A}.Debug|Any CPU.Build.0 = Debug|Any CPU
		{4BC44F0A-01B1-4AE7-8771-83463204AD2A}.Release|Any CPU.ActiveCfg = Release|Any CPU
		{4BC44F0A-01B1-4AE7-8771-83463204AD2A}.Release|Any CPU.Build.0 = Release|Any CPU
	EndGlobalSection
	GlobalSection(SolutionProperties) = preSolution
		HideSolutionNode = FALSE
	EndGlobalSection
EndGlobal
